
Microsoft Visual Studio Solution File, Format Version 12.00
# Visual Studio Version 16
VisualStudioVersion = 16.0.31129.286
MinimumVisualStudioVersion = 10.0.40219.1
Project("{FAE04EC0-301F-11D3-BF4B-00C04F79EFBC}") = "WarframeAPICallerApp", "WarframeAPICallerApp.csproj", "{995FA332-FFB1-43A1-BF2F-B27D18A110BE}"
EndProject
Global
	GlobalSection(SolutionConfigurationPlatforms) = preSolution
		Debug|Any CPU = Debug|Any CPU
		Release|Any CPU = Release|Any CPU
	EndGlobalSection
	GlobalSection(ProjectConfigurationPlatforms) = postSolution
		{995FA332-FFB1-43A1-BF2F-B27D18A110BE}.Debug|Any CPU.ActiveCfg = Debug|Any CPU
		{995FA332-FFB1-43A1-BF2F-B27D18A110BE}.Debug|Any CPU.Build.0 = Debug|Any CPU
		{995FA332-FFB1-43A1-BF2F-B27D18A110BE}.Release|Any CPU.ActiveCfg = Release|Any CPU
		{995FA332-FFB1-43A1-BF2F-B27D18A110BE}.Release|Any CPU.Build.0 = Release|Any CPU
	EndGlobalSection
	GlobalSection(SolutionProperties) = preSolution
		HideSolutionNode = FALSE
	EndGlobalSection
	GlobalSection(ExtensibilityGlobals) = postSolution
		SolutionGuid = {50FCD72E-D84B-4226-AF81-1AC997A42078}
	EndGlobalSection
EndGlobal
